// !$*UTF8*$!
{
	archiveVersion = 1;
	classes = {
	};
	objectVersion = 56;
	objects = {

/* Begin PBXBuildFile section */
		36A627EC2896AEFA003F8AA6 /* GithubDemoApp.swift in Sources */ = {isa = PBXBuildFile; fileRef = 36A627EB2896AEFA003F8AA6 /* GithubDemoApp.swift */; };
		36A627F02896AEFC003F8AA6 /* Assets.xcassets in Resources */ = {isa = PBXBuildFile; fileRef = 36A627EF2896AEFC003F8AA6 /* Assets.xcassets */; };
		36A627F42896AEFC003F8AA6 /* Preview Assets.xcassets in Resources */ = {isa = PBXBuildFile; fileRef = 36A627F32896AEFC003F8AA6 /* Preview Assets.xcassets */; };
		36A628242896B0B3003F8AA6 /* UserSearchResponse.swift in Sources */ = {isa = PBXBuildFile; fileRef = 36A627FE2896B0B3003F8AA6 /* UserSearchResponse.swift */; };
		36A628252896B0B3003F8AA6 /* User.swift in Sources */ = {isa = PBXBuildFile; fileRef = 36A628002896B0B3003F8AA6 /* User.swift */; };
		36A628262896B0B3003F8AA6 /* Request.swift in Sources */ = {isa = PBXBuildFile; fileRef = 36A628012896B0B3003F8AA6 /* Request.swift */; };
		36A628272896B0B3003F8AA6 /* RestNetworkClient.swift in Sources */ = {isa = PBXBuildFile; fileRef = 36A628022896B0B3003F8AA6 /* RestNetworkClient.swift */; };
		36A628282896B0B3003F8AA6 /* NetworkError.swift in Sources */ = {isa = PBXBuildFile; fileRef = 36A628032896B0B3003F8AA6 /* NetworkError.swift */; };
		36A628292896B0B3003F8AA6 /* NetworkConfigurationType.swift in Sources */ = {isa = PBXBuildFile; fileRef = 36A628042896B0B3003F8AA6 /* NetworkConfigurationType.swift */; };
		36A6282A2896B0B3003F8AA6 /* SearchUserUseCase.swift in Sources */ = {isa = PBXBuildFile; fileRef = 36A628072896B0B3003F8AA6 /* SearchUserUseCase.swift */; };
		36A6282B2896B0B3003F8AA6 /* SearchUserNetwork.swift in Sources */ = {isa = PBXBuildFile; fileRef = 36A628082896B0B3003F8AA6 /* SearchUserNetwork.swift */; };
		36A6282C2896B0B3003F8AA6 /* NetworkConstants.swift in Sources */ = {isa = PBXBuildFile; fileRef = 36A628092896B0B3003F8AA6 /* NetworkConstants.swift */; };
		36A6282D2896B0B3003F8AA6 /* NetworkClientType.swift in Sources */ = {isa = PBXBuildFile; fileRef = 36A6280A2896B0B3003F8AA6 /* NetworkClientType.swift */; };
		36A6282E2896B0B3003F8AA6 /* SearchUserView.swift in Sources */ = {isa = PBXBuildFile; fileRef = 36A6280D2896B0B3003F8AA6 /* SearchUserView.swift */; };
		36A6282F2896B0B3003F8AA6 /* SearchUserViewModel.swift in Sources */ = {isa = PBXBuildFile; fileRef = 36A6280E2896B0B3003F8AA6 /* SearchUserViewModel.swift */; };
		36A628302896B0B3003F8AA6 /* DashboardView.swift in Sources */ = {isa = PBXBuildFile; fileRef = 36A628102896B0B3003F8AA6 /* DashboardView.swift */; };
		36A628312896B0B3003F8AA6 /* DashboardViewModel.swift in Sources */ = {isa = PBXBuildFile; fileRef = 36A628112896B0B3003F8AA6 /* DashboardViewModel.swift */; };
		36A628322896B0B3003F8AA6 /* UserListViewModel.swift in Sources */ = {isa = PBXBuildFile; fileRef = 36A628142896B0B3003F8AA6 /* UserListViewModel.swift */; };
		36A628332896B0B3003F8AA6 /* UserListView.swift in Sources */ = {isa = PBXBuildFile; fileRef = 36A628152896B0B3003F8AA6 /* UserListView.swift */; };
		36A628342896B0B3003F8AA6 /* UserCell.swift in Sources */ = {isa = PBXBuildFile; fileRef = 36A628162896B0B3003F8AA6 /* UserCell.swift */; };
		36A628352896B0B3003F8AA6 /* String+Extension.swift in Sources */ = {isa = PBXBuildFile; fileRef = 36A628192896B0B3003F8AA6 /* String+Extension.swift */; };
		36A628362896B0B3003F8AA6 /* Dictionary+Extension.swift in Sources */ = {isa = PBXBuildFile; fileRef = 36A6281A2896B0B3003F8AA6 /* Dictionary+Extension.swift */; };
		36A628372896B0B3003F8AA6 /* View+Extension.swift in Sources */ = {isa = PBXBuildFile; fileRef = 36A6281B2896B0B3003F8AA6 /* View+Extension.swift */; };
		36A628382896B0B3003F8AA6 /* Array+Extension.swift in Sources */ = {isa = PBXBuildFile; fileRef = 36A6281C2896B0B3003F8AA6 /* Array+Extension.swift */; };
		36A628392896B0B3003F8AA6 /* ProfileViewModel.swift in Sources */ = {isa = PBXBuildFile; fileRef = 36A6281F2896B0B3003F8AA6 /* ProfileViewModel.swift */; };
		36A6283A2896B0B3003F8AA6 /* WebView.swift in Sources */ = {isa = PBXBuildFile; fileRef = 36A628212896B0B3003F8AA6 /* WebView.swift */; };
		36A6283B2896B0B3003F8AA6 /* DBManager.swift in Sources */ = {isa = PBXBuildFile; fileRef = 36A628232896B0B3003F8AA6 /* DBManager.swift */; };
/* End PBXBuildFile section */

/* Begin PBXFileReference section */
		36A627E82896AEFA003F8AA6 /* GithubDemo.app */ = {isa = PBXFileReference; explicitFileType = wrapper.application; includeInIndex = 0; path = GithubDemo.app; sourceTree = BUILT_PRODUCTS_DIR; };
		36A627EB2896AEFA003F8AA6 /* GithubDemoApp.swift */ = {isa = PBXFileReference; lastKnownFileType = sourcecode.swift; path = GithubDemoApp.swift; sourceTree = "<group>"; };
		36A627EF2896AEFC003F8AA6 /* Assets.xcassets */ = {isa = PBXFileReference; lastKnownFileType = folder.assetcatalog; path = Assets.xcassets; sourceTree = "<group>"; };
		36A627F12896AEFC003F8AA6 /* GithubDemo.entitlements */ = {isa = PBXFileReference; lastKnownFileType = text.plist.entitlements; path = GithubDemo.entitlements; sourceTree = "<group>"; };
		36A627F32896AEFC003F8AA6 /* Preview Assets.xcassets */ = {isa = PBXFileReference; lastKnownFileType = folder.assetcatalog; path = "Preview Assets.xcassets"; sourceTree = "<group>"; };
		36A627FE2896B0B3003F8AA6 /* UserSearchResponse.swift */ = {isa = PBXFileReference; fileEncoding = 4; lastKnownFileType = sourcecode.swift; path = UserSearchResponse.swift; sourceTree = "<group>"; };
		36A628002896B0B3003F8AA6 /* User.swift */ = {isa = PBXFileReference; fileEncoding = 4; lastKnownFileType = sourcecode.swift; path = User.swift; sourceTree = "<group>"; };
		36A628012896B0B3003F8AA6 /* Request.swift */ = {isa = PBXFileReference; fileEncoding = 4; lastKnownFileType = sourcecode.swift; path = Request.swift; sourceTree = "<group>"; };
		36A628022896B0B3003F8AA6 /* RestNetworkClient.swift */ = {isa = PBXFileReference; fileEncoding = 4; lastKnownFileType = sourcecode.swift; path = RestNetworkClient.swift; sourceTree = "<group>"; };
		36A628032896B0B3003F8AA6 /* NetworkError.swift */ = {isa = PBXFileReference; fileEncoding = 4; lastKnownFileType = sourcecode.swift; path = NetworkError.swift; sourceTree = "<group>"; };
		36A628042896B0B3003F8AA6 /* NetworkConfigurationType.swift */ = {isa = PBXFileReference; fileEncoding = 4; lastKnownFileType = sourcecode.swift; path = NetworkConfigurationType.swift; sourceTree = "<group>"; };
		36A628072896B0B3003F8AA6 /* SearchUserUseCase.swift */ = {isa = PBXFileReference; fileEncoding = 4; lastKnownFileType = sourcecode.swift; path = SearchUserUseCase.swift; sourceTree = "<group>"; };
		36A628082896B0B3003F8AA6 /* SearchUserNetwork.swift */ = {isa = PBXFileReference; fileEncoding = 4; lastKnownFileType = sourcecode.swift; path = SearchUserNetwork.swift; sourceTree = "<group>"; };
		36A628092896B0B3003F8AA6 /* NetworkConstants.swift */ = {isa = PBXFileReference; fileEncoding = 4; lastKnownFileType = sourcecode.swift; path = NetworkConstants.swift; sourceTree = "<group>"; };
		36A6280A2896B0B3003F8AA6 /* NetworkClientType.swift */ = {isa = PBXFileReference; fileEncoding = 4; lastKnownFileType = sourcecode.swift; path = NetworkClientType.swift; sourceTree = "<group>"; };
		36A6280D2896B0B3003F8AA6 /* SearchUserView.swift */ = {isa = PBXFileReference; fileEncoding = 4; lastKnownFileType = sourcecode.swift; path = SearchUserView.swift; sourceTree = "<group>"; };
		36A6280E2896B0B3003F8AA6 /* SearchUserViewModel.swift */ = {isa = PBXFileReference; fileEncoding = 4; lastKnownFileType = sourcecode.swift; path = SearchUserViewModel.swift; sourceTree = "<group>"; };
		36A628102896B0B3003F8AA6 /* DashboardView.swift */ = {isa = PBXFileReference; fileEncoding = 4; lastKnownFileType = sourcecode.swift; path = DashboardView.swift; sourceTree = "<group>"; };
		36A628112896B0B3003F8AA6 /* DashboardViewModel.swift */ = {isa = PBXFileReference; fileEncoding = 4; lastKnownFileType = sourcecode.swift; path = DashboardViewModel.swift; sourceTree = "<group>"; };
		36A628142896B0B3003F8AA6 /* UserListViewModel.swift */ = {isa = PBXFileReference; fileEncoding = 4; lastKnownFileType = sourcecode.swift; path = UserListViewModel.swift; sourceTree = "<group>"; };
		36A628152896B0B3003F8AA6 /* UserListView.swift */ = {isa = PBXFileReference; fileEncoding = 4; lastKnownFileType = sourcecode.swift; path = UserListView.swift; sourceTree = "<group>"; };
		36A628162896B0B3003F8AA6 /* UserCell.swift */ = {isa = PBXFileReference; fileEncoding = 4; lastKnownFileType = sourcecode.swift; path = UserCell.swift; sourceTree = "<group>"; };
		36A628192896B0B3003F8AA6 /* String+Extension.swift */ = {isa = PBXFileReference; fileEncoding = 4; lastKnownFileType = sourcecode.swift; path = "String+Extension.swift"; sourceTree = "<group>"; };
		36A6281A2896B0B3003F8AA6 /* Dictionary+Extension.swift */ = {isa = PBXFileReference; fileEncoding = 4; lastKnownFileType = sourcecode.swift; path = "Dictionary+Extension.swift"; sourceTree = "<group>"; };
		36A6281B2896B0B3003F8AA6 /* View+Extension.swift */ = {isa = PBXFileReference; fileEncoding = 4; lastKnownFileType = sourcecode.swift; path = "View+Extension.swift"; sourceTree = "<group>"; };
		36A6281C2896B0B3003F8AA6 /* Array+Extension.swift */ = {isa = PBXFileReference; fileEncoding = 4; lastKnownFileType = sourcecode.swift; path = "Array+Extension.swift"; sourceTree = "<group>"; };
		36A6281F2896B0B3003F8AA6 /* ProfileViewModel.swift */ = {isa = PBXFileReference; fileEncoding = 4; lastKnownFileType = sourcecode.swift; path = ProfileViewModel.swift; sourceTree = "<group>"; };
		36A628212896B0B3003F8AA6 /* WebView.swift */ = {isa = PBXFileReference; fileEncoding = 4; lastKnownFileType = sourcecode.swift; path = WebView.swift; sourceTree = "<group>"; };
		36A628232896B0B3003F8AA6 /* DBManager.swift */ = {isa = PBXFileReference; fileEncoding = 4; lastKnownFileType = sourcecode.swift; path = DBManager.swift; sourceTree = "<group>"; };
/* End PBXFileReference section */

/* Begin PBXFrameworksBuildPhase section */
		36A627E52896AEFA003F8AA6 /* Frameworks */ = {
			isa = PBXFrameworksBuildPhase;
			buildActionMask = 2147483647;
			files = (
			);
			runOnlyForDeploymentPostprocessing = 0;
		};
/* End PBXFrameworksBuildPhase section */

/* Begin PBXGroup section */
		36A627DF2896AEFA003F8AA6 = {
			isa = PBXGroup;
			children = (
				36A627EA2896AEFA003F8AA6 /* GithubDemo */,
				36A627E92896AEFA003F8AA6 /* Products */,
			);
			sourceTree = "<group>";
		};
		36A627E92896AEFA003F8AA6 /* Products */ = {
			isa = PBXGroup;
			children = (
				36A627E82896AEFA003F8AA6 /* GithubDemo.app */,
			);
			name = Products;
			sourceTree = "<group>";
		};
		36A627EA2896AEFA003F8AA6 /* GithubDemo */ = {
			isa = PBXGroup;
			children = (
				36A627FA2896B0B2003F8AA6 /* Resources */,
				36A627FB2896B0B3003F8AA6 /* Source */,
				36A627EB2896AEFA003F8AA6 /* GithubDemoApp.swift */,
				36A627EF2896AEFC003F8AA6 /* Assets.xcassets */,
				36A627F12896AEFC003F8AA6 /* GithubDemo.entitlements */,
				36A627F22896AEFC003F8AA6 /* Preview Content */,
			);
			path = GithubDemo;
			sourceTree = "<group>";
		};
		36A627F22896AEFC003F8AA6 /* Preview Content */ = {
			isa = PBXGroup;
			children = (
				36A627F32896AEFC003F8AA6 /* Preview Assets.xcassets */,
			);
			path = "Preview Content";
			sourceTree = "<group>";
		};
		36A627FA2896B0B2003F8AA6 /* Resources */ = {
			isa = PBXGroup;
			children = (
			);
			path = Resources;
			sourceTree = "<group>";
		};
		36A627FB2896B0B3003F8AA6 /* Source */ = {
			isa = PBXGroup;
			children = (
				36A627FC2896B0B3003F8AA6 /* Networking */,
				36A6280B2896B0B3003F8AA6 /* Features */,
				36A628172896B0B3003F8AA6 /* Helpers */,
				36A628222896B0B3003F8AA6 /* Local Storage */,
			);
			path = Source;
			sourceTree = "<group>";
		};
		36A627FC2896B0B3003F8AA6 /* Networking */ = {
			isa = PBXGroup;
			children = (
				36A627FD2896B0B3003F8AA6 /* Response */,
				36A627FF2896B0B3003F8AA6 /* Models */,
				36A628012896B0B3003F8AA6 /* Request.swift */,
				36A628022896B0B3003F8AA6 /* RestNetworkClient.swift */,
				36A628032896B0B3003F8AA6 /* NetworkError.swift */,
				36A628042896B0B3003F8AA6 /* NetworkConfigurationType.swift */,
				36A628052896B0B3003F8AA6 /* UseCases */,
				36A628092896B0B3003F8AA6 /* NetworkConstants.swift */,
				36A6280A2896B0B3003F8AA6 /* NetworkClientType.swift */,
			);
			path = Networking;
			sourceTree = "<group>";
		};
		36A627FD2896B0B3003F8AA6 /* Response */ = {
			isa = PBXGroup;
			children = (
				36A627FE2896B0B3003F8AA6 /* UserSearchResponse.swift */,
			);
			path = Response;
			sourceTree = "<group>";
		};
		36A627FF2896B0B3003F8AA6 /* Models */ = {
			isa = PBXGroup;
			children = (
				36A628002896B0B3003F8AA6 /* User.swift */,
			);
			path = Models;
			sourceTree = "<group>";
		};
		36A628052896B0B3003F8AA6 /* UseCases */ = {
			isa = PBXGroup;
			children = (
				36A628062896B0B3003F8AA6 /* Search */,
			);
			path = UseCases;
			sourceTree = "<group>";
		};
		36A628062896B0B3003F8AA6 /* Search */ = {
			isa = PBXGroup;
			children = (
				36A628072896B0B3003F8AA6 /* SearchUserUseCase.swift */,
				36A628082896B0B3003F8AA6 /* SearchUserNetwork.swift */,
			);
			path = Search;
			sourceTree = "<group>";
		};
		36A6280B2896B0B3003F8AA6 /* Features */ = {
			isa = PBXGroup;
			children = (
				36A6280C2896B0B3003F8AA6 /* Search */,
				36A6280F2896B0B3003F8AA6 /* Dashboard */,
				36A628122896B0B3003F8AA6 /* Common */,
			);
			path = Features;
			sourceTree = "<group>";
		};
		36A6280C2896B0B3003F8AA6 /* Search */ = {
			isa = PBXGroup;
			children = (
				36A6280D2896B0B3003F8AA6 /* SearchUserView.swift */,
				36A6280E2896B0B3003F8AA6 /* SearchUserViewModel.swift */,
			);
			path = Search;
			sourceTree = "<group>";
		};
		36A6280F2896B0B3003F8AA6 /* Dashboard */ = {
			isa = PBXGroup;
			children = (
				36A628102896B0B3003F8AA6 /* DashboardView.swift */,
				36A628112896B0B3003F8AA6 /* DashboardViewModel.swift */,
			);
			path = Dashboard;
			sourceTree = "<group>";
		};
		36A628122896B0B3003F8AA6 /* Common */ = {
			isa = PBXGroup;
			children = (
				36A628132896B0B3003F8AA6 /* UserList */,
			);
			path = Common;
			sourceTree = "<group>";
		};
		36A628132896B0B3003F8AA6 /* UserList */ = {
			isa = PBXGroup;
			children = (
				36A628142896B0B3003F8AA6 /* UserListViewModel.swift */,
				36A628152896B0B3003F8AA6 /* UserListView.swift */,
				36A628162896B0B3003F8AA6 /* UserCell.swift */,
			);
			path = UserList;
			sourceTree = "<group>";
		};
		36A628172896B0B3003F8AA6 /* Helpers */ = {
			isa = PBXGroup;
			children = (
				36A628182896B0B3003F8AA6 /* Extensions */,
				36A6281D2896B0B3003F8AA6 /* Common */,
			);
			path = Helpers;
			sourceTree = "<group>";
		};
		36A628182896B0B3003F8AA6 /* Extensions */ = {
			isa = PBXGroup;
			children = (
				36A628192896B0B3003F8AA6 /* String+Extension.swift */,
				36A6281A2896B0B3003F8AA6 /* Dictionary+Extension.swift */,
				36A6281B2896B0B3003F8AA6 /* View+Extension.swift */,
				36A6281C2896B0B3003F8AA6 /* Array+Extension.swift */,
			);
			path = Extensions;
			sourceTree = "<group>";
		};
		36A6281D2896B0B3003F8AA6 /* Common */ = {
			isa = PBXGroup;
			children = (
				36A6281E2896B0B3003F8AA6 /* ViewModels */,
				36A628202896B0B3003F8AA6 /* Views */,
			);
			path = Common;
			sourceTree = "<group>";
		};
		36A6281E2896B0B3003F8AA6 /* ViewModels */ = {
			isa = PBXGroup;
			children = (
				36A6281F2896B0B3003F8AA6 /* ProfileViewModel.swift */,
			);
			path = ViewModels;
			sourceTree = "<group>";
		};
		36A628202896B0B3003F8AA6 /* Views */ = {
			isa = PBXGroup;
			children = (
				36A628212896B0B3003F8AA6 /* WebView.swift */,
			);
			path = Views;
			sourceTree = "<group>";
		};
		36A628222896B0B3003F8AA6 /* Local Storage */ = {
			isa = PBXGroup;
			children = (
				36A628232896B0B3003F8AA6 /* DBManager.swift */,
			);
			path = "Local Storage";
			sourceTree = "<group>";
		};
/* End PBXGroup section */

/* Begin PBXNativeTarget section */
		36A627E72896AEFA003F8AA6 /* GithubDemo */ = {
			isa = PBXNativeTarget;
			buildConfigurationList = 36A627F72896AEFC003F8AA6 /* Build configuration list for PBXNativeTarget "GithubDemo" */;
			buildPhases = (
				36A627E42896AEFA003F8AA6 /* Sources */,
				36A627E52896AEFA003F8AA6 /* Frameworks */,
				36A627E62896AEFA003F8AA6 /* Resources */,
			);
			buildRules = (
			);
			dependencies = (
			);
			name = GithubDemo;
			productName = GithubDemo;
			productReference = 36A627E82896AEFA003F8AA6 /* GithubDemo.app */;
			productType = "com.apple.product-type.application";
		};
/* End PBXNativeTarget section */

/* Begin PBXProject section */
		36A627E02896AEFA003F8AA6 /* Project object */ = {
			isa = PBXProject;
			attributes = {
				BuildIndependentTargetsInParallel = 1;
				LastSwiftUpdateCheck = 1400;
				LastUpgradeCheck = 1400;
				TargetAttributes = {
					36A627E72896AEFA003F8AA6 = {
						CreatedOnToolsVersion = 14.0;
					};
				};
			};
			buildConfigurationList = 36A627E32896AEFA003F8AA6 /* Build configuration list for PBXProject "GithubDemo" */;
			compatibilityVersion = "Xcode 14.0";
			developmentRegion = en;
			hasScannedForEncodings = 0;
			knownRegions = (
				en,
				Base,
			);
			mainGroup = 36A627DF2896AEFA003F8AA6;
			productRefGroup = 36A627E92896AEFA003F8AA6 /* Products */;
			projectDirPath = "";
			projectRoot = "";
			targets = (
				36A627E72896AEFA003F8AA6 /* GithubDemo */,
			);
		};
/* End PBXProject section */

/* Begin PBXResourcesBuildPhase section */
		36A627E62896AEFA003F8AA6 /* Resources */ = {
			isa = PBXResourcesBuildPhase;
			buildActionMask = 2147483647;
			files = (
				36A627F42896AEFC003F8AA6 /* Preview Assets.xcassets in Resources */,
				36A627F02896AEFC003F8AA6 /* Assets.xcassets in Resources */,
			);
			runOnlyForDeploymentPostprocessing = 0;
		};
/* End PBXResourcesBuildPhase section */

/* Begin PBXSourcesBuildPhase section */
		36A627E42896AEFA003F8AA6 /* Sources */ = {
			isa = PBXSourcesBuildPhase;
			buildActionMask = 2147483647;
			files = (
				36A628332896B0B3003F8AA6 /* UserListView.swift in Sources */,
				36A6282A2896B0B3003F8AA6 /* SearchUserUseCase.swift in Sources */,
				36A6282D2896B0B3003F8AA6 /* NetworkClientType.swift in Sources */,
				36A628382896B0B3003F8AA6 /* Array+Extension.swift in Sources */,
				36A628352896B0B3003F8AA6 /* String+Extension.swift in Sources */,
				36A6283B2896B0B3003F8AA6 /* DBManager.swift in Sources */,
				36A627EC2896AEFA003F8AA6 /* GithubDemoApp.swift in Sources */,
				36A628302896B0B3003F8AA6 /* DashboardView.swift in Sources */,
				36A6282E2896B0B3003F8AA6 /* SearchUserView.swift in Sources */,
				36A6282C2896B0B3003F8AA6 /* NetworkConstants.swift in Sources */,
				36A6283A2896B0B3003F8AA6 /* WebView.swift in Sources */,
				36A628312896B0B3003F8AA6 /* DashboardViewModel.swift in Sources */,
				36A628262896B0B3003F8AA6 /* Request.swift in Sources */,
				36A628242896B0B3003F8AA6 /* UserSearchResponse.swift in Sources */,
				36A628322896B0B3003F8AA6 /* UserListViewModel.swift in Sources */,
				36A628282896B0B3003F8AA6 /* NetworkError.swift in Sources */,
				36A6282F2896B0B3003F8AA6 /* SearchUserViewModel.swift in Sources */,
				36A628392896B0B3003F8AA6 /* ProfileViewModel.swift in Sources */,
				36A628252896B0B3003F8AA6 /* User.swift in Sources */,
				36A628342896B0B3003F8AA6 /* UserCell.swift in Sources */,
				36A628272896B0B3003F8AA6 /* RestNetworkClient.swift in Sources */,
				36A6282B2896B0B3003F8AA6 /* SearchUserNetwork.swift in Sources */,
				36A628292896B0B3003F8AA6 /* NetworkConfigurationType.swift in Sources */,
				36A628372896B0B3003F8AA6 /* View+Extension.swift in Sources */,
				36A628362896B0B3003F8AA6 /* Dictionary+Extension.swift in Sources */,
			);
			runOnlyForDeploymentPostprocessing = 0;
		};
/* End PBXSourcesBuildPhase section */

/* Begin XCBuildConfiguration section */
		36A627F52896AEFC003F8AA6 /* Debug */ = {
			isa = XCBuildConfiguration;
			buildSettings = {
				ALWAYS_SEARCH_USER_PATHS = NO;
				CLANG_ANALYZER_NONNULL = YES;
				CLANG_ANALYZER_NUMBER_OBJECT_CONVERSION = YES_AGGRESSIVE;
				CLANG_CXX_LANGUAGE_STANDARD = "gnu++20";
				CLANG_ENABLE_MODULES = YES;
				CLANG_ENABLE_OBJC_ARC = YES;
				CLANG_ENABLE_OBJC_WEAK = YES;
				CLANG_WARN_BLOCK_CAPTURE_AUTORELEASING = YES;
				CLANG_WARN_BOOL_CONVERSION = YES;
				CLANG_WARN_COMMA = YES;
				CLANG_WARN_CONSTANT_CONVERSION = YES;
				CLANG_WARN_DEPRECATED_OBJC_IMPLEMENTATIONS = YES;
				CLANG_WARN_DIRECT_OBJC_ISA_USAGE = YES_ERROR;
				CLANG_WARN_DOCUMENTATION_COMMENTS = YES;
				CLANG_WARN_EMPTY_BODY = YES;
				CLANG_WARN_ENUM_CONVERSION = YES;
				CLANG_WARN_INFINITE_RECURSION = YES;
				CLANG_WARN_INT_CONVERSION = YES;
				CLANG_WARN_NON_LITERAL_NULL_CONVERSION = YES;
				CLANG_WARN_OBJC_IMPLICIT_RETAIN_SELF = YES;
				CLANG_WARN_OBJC_LITERAL_CONVERSION = YES;
				CLANG_WARN_OBJC_ROOT_CLASS = YES_ERROR;
				CLANG_WARN_QUOTED_INCLUDE_IN_FRAMEWORK_HEADER = YES;
				CLANG_WARN_RANGE_LOOP_ANALYSIS = YES;
				CLANG_WARN_STRICT_PROTOTYPES = YES;
				CLANG_WARN_SUSPICIOUS_MOVE = YES;
				CLANG_WARN_UNGUARDED_AVAILABILITY = YES_AGGRESSIVE;
				CLANG_WARN_UNREACHABLE_CODE = YES;
				CLANG_WARN__DUPLICATE_METHOD_MATCH = YES;
				COPY_PHASE_STRIP = NO;
				DEBUG_INFORMATION_FORMAT = dwarf;
				ENABLE_STRICT_OBJC_MSGSEND = YES;
				ENABLE_TESTABILITY = YES;
				GCC_C_LANGUAGE_STANDARD = gnu11;
				GCC_DYNAMIC_NO_PIC = NO;
				GCC_NO_COMMON_BLOCKS = YES;
				GCC_OPTIMIZATION_LEVEL = 0;
				GCC_PREPROCESSOR_DEFINITIONS = (
					"DEBUG=1",
					"$(inherited)",
				);
				GCC_WARN_64_TO_32_BIT_CONVERSION = YES;
				GCC_WARN_ABOUT_RETURN_TYPE = YES_ERROR;
				GCC_WARN_UNDECLARED_SELECTOR = YES;
				GCC_WARN_UNINITIALIZED_AUTOS = YES_AGGRESSIVE;
				GCC_WARN_UNUSED_FUNCTION = YES;
				GCC_WARN_UNUSED_VARIABLE = YES;
				MTL_ENABLE_DEBUG_INFO = INCLUDE_SOURCE;
				MTL_FAST_MATH = YES;
				ONLY_ACTIVE_ARCH = YES;
				SWIFT_ACTIVE_COMPILATION_CONDITIONS = DEBUG;
				SWIFT_OPTIMIZATION_LEVEL = "-Onone";
			};
			name = Debug;
		};
		36A627F62896AEFC003F8AA6 /* Release */ = {
			isa = XCBuildConfiguration;
			buildSettings = {
				ALWAYS_SEARCH_USER_PATHS = NO;
				CLANG_ANALYZER_NONNULL = YES;
				CLANG_ANALYZER_NUMBER_OBJECT_CONVERSION = YES_AGGRESSIVE;
				CLANG_CXX_LANGUAGE_STANDARD = "gnu++20";
				CLANG_ENABLE_MODULES = YES;
				CLANG_ENABLE_OBJC_ARC = YES;
				CLANG_ENABLE_OBJC_WEAK = YES;
				CLANG_WARN_BLOCK_CAPTURE_AUTORELEASING = YES;
				CLANG_WARN_BOOL_CONVERSION = YES;
				CLANG_WARN_COMMA = YES;
				CLANG_WARN_CONSTANT_CONVERSION = YES;
				CLANG_WARN_DEPRECATED_OBJC_IMPLEMENTATIONS = YES;
				CLANG_WARN_DIRECT_OBJC_ISA_USAGE = YES_ERROR;
				CLANG_WARN_DOCUMENTATION_COMMENTS = YES;
				CLANG_WARN_EMPTY_BODY = YES;
				CLANG_WARN_ENUM_CONVERSION = YES;
				CLANG_WARN_INFINITE_RECURSION = YES;
				CLANG_WARN_INT_CONVERSION = YES;
				CLANG_WARN_NON_LITERAL_NULL_CONVERSION = YES;
				CLANG_WARN_OBJC_IMPLICIT_RETAIN_SELF = YES;
				CLANG_WARN_OBJC_LITERAL_CONVERSION = YES;
				CLANG_WARN_OBJC_ROOT_CLASS = YES_ERROR;
				CLANG_WARN_QUOTED_INCLUDE_IN_FRAMEWORK_HEADER = YES;
				CLANG_WARN_RANGE_LOOP_ANALYSIS = YES;
				CLANG_WARN_STRICT_PROTOTYPES = YES;
				CLANG_WARN_SUSPICIOUS_MOVE = YES;
				CLANG_WARN_UNGUARDED_AVAILABILITY = YES_AGGRESSIVE;
				CLANG_WARN_UNREACHABLE_CODE = YES;
				CLANG_WARN__DUPLICATE_METHOD_MATCH = YES;
				COPY_PHASE_STRIP = NO;
				DEBUG_INFORMATION_FORMAT = "dwarf-with-dsym";
				ENABLE_NS_ASSERTIONS = NO;
				ENABLE_STRICT_OBJC_MSGSEND = YES;
				GCC_C_LANGUAGE_STANDARD = gnu11;
				GCC_NO_COMMON_BLOCKS = YES;
				GCC_WARN_64_TO_32_BIT_CONVERSION = YES;
				GCC_WARN_ABOUT_RETURN_TYPE = YES_ERROR;
				GCC_WARN_UNDECLARED_SELECTOR = YES;
				GCC_WARN_UNINITIALIZED_AUTOS = YES_AGGRESSIVE;
				GCC_WARN_UNUSED_FUNCTION = YES;
				GCC_WARN_UNUSED_VARIABLE = YES;
				MTL_ENABLE_DEBUG_INFO = NO;
				MTL_FAST_MATH = YES;
				SWIFT_COMPILATION_MODE = wholemodule;
				SWIFT_OPTIMIZATION_LEVEL = "-O";
			};
			name = Release;
		};
		36A627F82896AEFC003F8AA6 /* Debug */ = {
			isa = XCBuildConfiguration;
			buildSettings = {
				ASSETCATALOG_COMPILER_APPICON_NAME = AppIcon;
				ASSETCATALOG_COMPILER_GLOBAL_ACCENT_COLOR_NAME = AccentColor;
				CODE_SIGN_ENTITLEMENTS = GithubDemo/GithubDemo.entitlements;
				CODE_SIGN_STYLE = Automatic;
				CURRENT_PROJECT_VERSION = 1;
				DEVELOPMENT_ASSET_PATHS = "\"GithubDemo/Preview Content\"";
				ENABLE_PREVIEWS = YES;
				GENERATE_INFOPLIST_FILE = YES;
				"INFOPLIST_KEY_UIApplicationSceneManifest_Generation[sdk=iphoneos*]" = YES;
				"INFOPLIST_KEY_UIApplicationSceneManifest_Generation[sdk=iphonesimulator*]" = YES;
				"INFOPLIST_KEY_UIApplicationSupportsIndirectInputEvents[sdk=iphoneos*]" = YES;
				"INFOPLIST_KEY_UIApplicationSupportsIndirectInputEvents[sdk=iphonesimulator*]" = YES;
				"INFOPLIST_KEY_UILaunchScreen_Generation[sdk=iphoneos*]" = YES;
				"INFOPLIST_KEY_UILaunchScreen_Generation[sdk=iphonesimulator*]" = YES;
				"INFOPLIST_KEY_UIStatusBarStyle[sdk=iphoneos*]" = UIStatusBarStyleDefault;
				"INFOPLIST_KEY_UIStatusBarStyle[sdk=iphonesimulator*]" = UIStatusBarStyleDefault;
				INFOPLIST_KEY_UISupportedInterfaceOrientations_iPad = "UIInterfaceOrientationPortrait UIInterfaceOrientationPortraitUpsideDown UIInterfaceOrientationLandscapeLeft UIInterfaceOrientationLandscapeRight";
				INFOPLIST_KEY_UISupportedInterfaceOrientations_iPhone = "UIInterfaceOrientationPortrait UIInterfaceOrientationLandscapeLeft UIInterfaceOrientationLandscapeRight";
				IPHONEOS_DEPLOYMENT_TARGET = 16.0;
				LD_RUNPATH_SEARCH_PATHS = "@executable_path/Frameworks";
				"LD_RUNPATH_SEARCH_PATHS[sdk=macosx*]" = "@executable_path/../Frameworks";
				MACOSX_DEPLOYMENT_TARGET = 12.4;
				MARKETING_VERSION = 1.0;
				PRODUCT_BUNDLE_IDENTIFIER = mehra.GithubDemo;
				PRODUCT_NAME = "$(TARGET_NAME)";
				SDKROOT = auto;
				SUPPORTED_PLATFORMS = "iphoneos iphonesimulator";
				SUPPORTS_MACCATALYST = NO;
				SUPPORTS_MAC_DESIGNED_FOR_IPHONE_IPAD = NO;
				SWIFT_EMIT_LOC_STRINGS = YES;
				SWIFT_VERSION = 5.0;
				TARGETED_DEVICE_FAMILY = 2;
			};
			name = Debug;
		};
		36A627F92896AEFC003F8AA6 /* Release */ = {
			isa = XCBuildConfiguration;
			buildSettings = {
				ASSETCATALOG_COMPILER_APPICON_NAME = AppIcon;
				ASSETCATALOG_COMPILER_GLOBAL_ACCENT_COLOR_NAME = AccentColor;
				CODE_SIGN_ENTITLEMENTS = GithubDemo/GithubDemo.entitlements;
				CODE_SIGN_STYLE = Automatic;
				CURRENT_PROJECT_VERSION = 1;
				DEVELOPMENT_ASSET_PATHS = "\"GithubDemo/Preview Content\"";
				ENABLE_PREVIEWS = YES;
				GENERATE_INFOPLIST_FILE = YES;
				"INFOPLIST_KEY_UIApplicationSceneManifest_Generation[sdk=iphoneos*]" = YES;
				"INFOPLIST_KEY_UIApplicationSceneManifest_Generation[sdk=iphonesimulator*]" = YES;
				"INFOPLIST_KEY_UIApplicationSupportsIndirectInputEvents[sdk=iphoneos*]" = YES;
				"INFOPLIST_KEY_UIApplicationSupportsIndirectInputEvents[sdk=iphonesimulator*]" = YES;
				"INFOPLIST_KEY_UILaunchScreen_Generation[sdk=iphoneos*]" = YES;
				"INFOPLIST_KEY_UILaunchScreen_Generation[sdk=iphonesimulator*]" = YES;
				"INFOPLIST_KEY_UIStatusBarStyle[sdk=iphoneos*]" = UIStatusBarStyleDefault;
				"INFOPLIST_KEY_UIStatusBarStyle[sdk=iphonesimulator*]" = UIStatusBarStyleDefault;
				INFOPLIST_KEY_UISupportedInterfaceOrientations_iPad = "UIInterfaceOrientationPortrait UIInterfaceOrientationPortraitUpsideDown UIInterfaceOrientationLandscapeLeft UIInterfaceOrientationLandscapeRight";
				INFOPLIST_KEY_UISupportedInterfaceOrientations_iPhone = "UIInterfaceOrientationPortrait UIInterfaceOrientationLandscapeLeft UIInterfaceOrientationLandscapeRight";
				IPHONEOS_DEPLOYMENT_TARGET = 16.0;
				LD_RUNPATH_SEARCH_PATHS = "@executable_path/Frameworks";
				"LD_RUNPATH_SEARCH_PATHS[sdk=macosx*]" = "@executable_path/../Frameworks";
				MACOSX_DEPLOYMENT_TARGET = 12.4;
				MARKETING_VERSION = 1.0;
				PRODUCT_BUNDLE_IDENTIFIER = mehra.GithubDemo;
				PRODUCT_NAME = "$(TARGET_NAME)";
				SDKROOT = auto;
				SUPPORTED_PLATFORMS = "iphoneos iphonesimulator";
				SUPPORTS_MACCATALYST = NO;
				SUPPORTS_MAC_DESIGNED_FOR_IPHONE_IPAD = NO;
				SWIFT_EMIT_LOC_STRINGS = YES;
				SWIFT_VERSION = 5.0;
				TARGETED_DEVICE_FAMILY = 2;
			};
			name = Release;
		};
/* End XCBuildConfiguration section */

/* Begin XCConfigurationList section */
		36A627E32896AEFA003F8AA6 /* Build configuration list for PBXProject "GithubDemo" */ = {
			isa = XCConfigurationList;
			buildConfigurations = (
				36A627F52896AEFC003F8AA6 /* Debug */,
				36A627F62896AEFC003F8AA6 /* Release */,
			);
			defaultConfigurationIsVisible = 0;
			defaultConfigurationName = Release;
		};
		36A627F72896AEFC003F8AA6 /* Build configuration list for PBXNativeTarget "GithubDemo" */ = {
			isa = XCConfigurationList;
			buildConfigurations = (
				36A627F82896AEFC003F8AA6 /* Debug */,
				36A627F92896AEFC003F8AA6 /* Release */,
			);
			defaultConfigurationIsVisible = 0;
			defaultConfigurationName = Release;
		};
/* End XCConfigurationList section */
	};
	rootObject = 36A627E02896AEFA003F8AA6 /* Project object */;
}
